# This file is generated by running "yarn install" inside your project.
# Manual changes might be lost - proceed with caution!

__metadata:
  version: 8
  cacheKey: 10c0

"@codemirror/autocomplete@npm:^6.0.0, @codemirror/autocomplete@npm:^6.20.0":
  version: 6.20.1
  resolution: "@codemirror/autocomplete@npm:6.20.1"
  dependencies:
    "@codemirror/language": "npm:^6.0.0"
    "@codemirror/state": "npm:^6.0.0"
    "@codemirror/view": "npm:^6.17.0"
    "@lezer/common": "npm:^1.0.0"
  checksum: 10c0/ec3ecdd8098778c0764827ffcb6252edc763de3500314ad6b36d77bd09f73c03cb9a95b952b2b928354e1c83f2ae1bfef92b406eae40f94b47104b51bd508b35
  languageName: node
  linkType: hard

"@codemirror/commands@npm:^6.0.0":
  version: 6.10.3
  resolution: "@codemirror/commands@npm:6.10.3"
  dependencies:
    "@codemirror/language": "npm:^6.0.0"
    "@codemirror/state": "npm:^6.6.0"
    "@codemirror/view": "npm:^6.27.0"
    "@lezer/common": "npm:^1.1.0"
  checksum: 10c0/43db9eb5a2aeb09c9714e107a3a4960d16b56879b5dbdbd382a2b0a12bb79cd46c70ff933cea763aeb9b9d218d21e8faa6989d9bd247dfd949f6c373f6847261
  languageName: node
  linkType: hard

"@codemirror/lang-javascript@npm:^6.2.5":
  version: 6.2.5
  resolution: "@codemirror/lang-javascript@npm:6.2.5"
  dependencies:
    "@codemirror/autocomplete": "npm:^6.0.0"
    "@codemirror/language": "npm:^6.6.0"
    "@codemirror/lint": "npm:^6.0.0"
    "@codemirror/state": "npm:^6.0.0"
    "@codemirror/view": "npm:^6.17.0"
    "@lezer/common": "npm:^1.0.0"
    "@lezer/javascript": "npm:^1.0.0"
  checksum: 10c0/a9b10c58ad9dbcc54e17a641a114fc7718e362281dc9533828ed2a3a09270eb5677febb4ddad6d0cc2c439496f0ba0b7aa893d08de0b1ddc44df5c9ab0d7d299
  languageName: node
  linkType: hard

"@codemirror/language@npm:^6.0.0, @codemirror/language@npm:^6.11.0, @codemirror/language@npm:^6.6.0":
  version: 6.12.3
  resolution: "@codemirror/language@npm:6.12.3"
  dependencies:
    "@codemirror/state": "npm:^6.0.0"
    "@codemirror/view": "npm:^6.23.0"
    "@lezer/common": "npm:^1.5.0"
    "@lezer/highlight": "npm:^1.0.0"
    "@lezer/lr": "npm:^1.0.0"
    style-mod: "npm:^4.0.0"
  checksum: 10c0/682d476f35f187a8d2f59f9b2e561045353c87736e5774b5b8dd22ade7deb3c85b9d3cdde988b00aafb345732144c134adf45dadab067430aaee159abcc456a4
  languageName: node
  linkType: hard

"@codemirror/lint@npm:^6.0.0, @codemirror/lint@npm:^6.8.5":
  version: 6.9.5
  resolution: "@codemirror/lint@npm:6.9.5"
  dependencies:
    "@codemirror/state": "npm:^6.0.0"
    "@codemirror/view": "npm:^6.35.0"
    crelt: "npm:^1.0.5"
  checksum: 10c0/74fb810ffe491cfb4f1d30cd97560f4d4c5e598e34d4e3814989750ba82de9c921df6afb2b25a9972364e9beb38512a80db940d98d648cd136e991ffa21b85fd
  languageName: node
  linkType: hard

"@codemirror/lsp-client@npm:^6.2.2":
  version: 6.2.2
  resolution: "@codemirror/lsp-client@npm:6.2.2"
  dependencies:
    "@codemirror/autocomplete": "npm:^6.20.0"
    "@codemirror/language": "npm:^6.11.0"
    "@codemirror/lint": "npm:^6.8.5"
    "@codemirror/state": "npm:^6.5.2"
    "@codemirror/view": "npm:^6.37.0"
    "@lezer/highlight": "npm:^1.2.1"
    marked: "npm:^15.0.12"
    vscode-languageserver-protocol: "npm:^3.17.5"
  checksum: 10c0/909759d953cc189444ce679c6c64859aa1503272510718cb28dea2f7934aa9e8f3985f2f824eac670d1bb211d273753f28b244b4bb0af313f2da058cbbd3cad8
  languageName: node
  linkType: hard

"@codemirror/search@npm:^6.0.0":
  version: 6.6.0
  resolution: "@codemirror/search@npm:6.6.0"
  dependencies:
    "@codemirror/state": "npm:^6.0.0"
    "@codemirror/view": "npm:^6.37.0"
    crelt: "npm:^1.0.5"
  checksum: 10c0/dacb6dbf94dbc4513b681ea2ea215b5771b478bc940c88e52976b7981dc135b3f17cfcb1e3e929579078f334b42e91bdfee89b9ec874638ddaf82f87cefa0de2
  languageName: node
  linkType: hard

"@codemirror/state@npm:^6.0.0, @codemirror/state@npm:^6.5.2, @codemirror/state@npm:^6.6.0":
  version: 6.6.0
  resolution: "@codemirror/state@npm:6.6.0"
  dependencies:
    "@marijn/find-cluster-break": "npm:^1.0.0"
  checksum: 10c0/4e5d6ddd28fc642e8d749fe80a7dd278afd547e4d93c562eaab6f23bdf25bb12a94226db3efab6321d458c531eb6d357184809f3704aee419fe3230d53f16e24
  languageName: node
  linkType: hard

"@codemirror/view@npm:^6.0.0, @codemirror/view@npm:^6.17.0, @codemirror/view@npm:^6.23.0, @codemirror/view@npm:^6.27.0, @codemirror/view@npm:^6.35.0, @codemirror/view@npm:^6.37.0, @codemirror/view@npm:^6.40.0":
  version: 6.40.0
  resolution: "@codemirror/view@npm:6.40.0"
  dependencies:
    "@codemirror/state": "npm:^6.6.0"
    crelt: "npm:^1.0.6"
    style-mod: "npm:^4.1.0"
    w3c-keyname: "npm:^2.2.4"
  checksum: 10c0/2e73812f1d961f967d7863871e83345b398546a370da5cebadb4bc8c9522e7fd150a84e99e90e1133b3f294f8e20b5c92751bbf976e165a7b45077aafa4edcdd
  languageName: node
  linkType: hard

"@esbuild/aix-ppc64@npm:0.27.4":
  version: 0.27.4
  resolution: "@esbuild/aix-ppc64@npm:0.27.4"
  conditions: os=aix & cpu=ppc64
  languageName: node
  linkType: hard

"@esbuild/android-arm64@npm:0.27.4":
  version: 0.27.4
  resolution: "@esbuild/android-arm64@npm:0.27.4"
  conditions: os=android & cpu=arm64
  languageName: node
  linkType: hard

"@esbuild/android-arm@npm:0.27.4":
  version: 0.27.4
  resolution: "@esbuild/android-arm@npm:0.27.4"
  conditions: os=android & cpu=arm
  languageName: node
  linkType: hard

"@esbuild/android-x64@npm:0.27.4":
  version: 0.27.4
  resolution: "@esbuild/android-x64@npm:0.27.4"
  conditions: os=android & cpu=x64
  languageName: node
  linkType: hard

"@esbuild/darwin-arm64@npm:0.27.4":
  version: 0.27.4
  resolution: "@esbuild/darwin-arm64@npm:0.27.4"
  conditions: os=darwin & cpu=arm64
  languageName: node
  linkType: hard

"@esbuild/darwin-x64@npm:0.27.4":
  version: 0.27.4
  resolution: "@esbuild/darwin-x64@npm:0.27.4"
  conditions: os=darwin & cpu=x64
  languageName: node
  linkType: hard

"@esbuild/freebsd-arm64@npm:0.27.4":
  version: 0.27.4
  resolution: "@esbuild/freebsd-arm64@npm:0.27.4"
  conditions: os=freebsd & cpu=arm64
  languageName: node
  linkType: hard

"@esbuild/freebsd-x64@npm:0.27.4":
  version: 0.27.4
  resolution: "@esbuild/freebsd-x64@npm:0.27.4"
  conditions: os=freebsd & cpu=x64
  languageName: node
  linkType: hard

"@esbuild/linux-arm64@npm:0.27.4":
  version: 0.27.4
  resolution: "@esbuild/linux-arm64@npm:0.27.4"
  conditions: os=linux & cpu=arm64
  languageName: node
  linkType: hard

"@esbuild/linux-arm@npm:0.27.4":
  version: 0.27.4
  resolution: "@esbuild/linux-arm@npm:0.27.4"
  conditions: os=linux & cpu=arm
  languageName: node
  linkType: hard

"@esbuild/linux-ia32@npm:0.27.4":
  version: 0.27.4
  resolution: "@esbuild/linux-ia32@npm:0.27.4"
  conditions: os=linux & cpu=ia32
  languageName: node
  linkType: hard

"@esbuild/linux-loong64@npm:0.27.4":
  version: 0.27.4
  resolution: "@esbuild/linux-loong64@npm:0.27.4"
  conditions: os=linux & cpu=loong64
  languageName: node
  linkType: hard

"@esbuild/linux-mips64el@npm:0.27.4":
  version: 0.27.4
  resolution: "@esbuild/linux-mips64el@npm:0.27.4"
  conditions: os=linux & cpu=mips64el
  languageName: node
  linkType: hard

"@esbuild/linux-ppc64@npm:0.27.4":
  version: 0.27.4
  resolution: "@esbuild/linux-ppc64@npm:0.27.4"
  conditions: os=linux & cpu=ppc64
  languageName: node
  linkType: hard

"@esbuild/linux-riscv64@npm:0.27.4":
  version: 0.27.4
  resolution: "@esbuild/linux-riscv64@npm:0.27.4"
  conditions: os=linux & cpu=riscv64
  languageName: node
  linkType: hard

"@esbuild/linux-s390x@npm:0.27.4":
  version: 0.27.4
  resolution: "@esbuild/linux-s390x@npm:0.27.4"
  conditions: os=linux & cpu=s390x
  languageName: node
  linkType: hard

"@esbuild/linux-x64@npm:0.27.4":
  version: 0.27.4
  resolution: "@esbuild/linux-x64@npm:0.27.4"
  conditions: os=linux & cpu=x64
  languageName: node
  linkType: hard

"@esbuild/netbsd-arm64@npm:0.27.4":
  version: 0.27.4
  resolution: "@esbuild/netbsd-arm64@npm:0.27.4"
  conditions: os=netbsd & cpu=arm64
  languageName: node
  linkType: hard

"@esbuild/netbsd-x64@npm:0.27.4":
  version: 0.27.4
  resolution: "@esbuild/netbsd-x64@npm:0.27.4"
  conditions: os=netbsd & cpu=x64
  languageName: node
  linkType: hard

"@esbuild/openbsd-arm64@npm:0.27.4":
  version: 0.27.4
  resolution: "@esbuild/openbsd-arm64@npm:0.27.4"
  conditions: os=openbsd & cpu=arm64
  languageName: node
  linkType: hard

"@esbuild/openbsd-x64@npm:0.27.4":
  version: 0.27.4
  resolution: "@esbuild/openbsd-x64@npm:0.27.4"
  conditions: os=openbsd & cpu=x64
  languageName: node
  linkType: hard

"@esbuild/openharmony-arm64@npm:0.27.4":
  version: 0.27.4
  resolution: "@esbuild/openharmony-arm64@npm:0.27.4"
  conditions: os=openharmony & cpu=arm64
  languageName: node
  linkType: hard

"@esbuild/sunos-x64@npm:0.27.4":
  version: 0.27.4
  resolution: "@esbuild/sunos-x64@npm:0.27.4"
  conditions: os=sunos & cpu=x64
  languageName: node
  linkType: hard

"@esbuild/win32-arm64@npm:0.27.4":
  version: 0.27.4
  resolution: "@esbuild/win32-arm64@npm:0.27.4"
  conditions: os=win32 & cpu=arm64
  languageName: node
  linkType: hard

"@esbuild/win32-ia32@npm:0.27.4":
  version: 0.27.4
  resolution: "@esbuild/win32-ia32@npm:0.27.4"
  conditions: os=win32 & cpu=ia32
  languageName: node
  linkType: hard

"@esbuild/win32-x64@npm:0.27.4":
  version: 0.27.4
  resolution: "@esbuild/win32-x64@npm:0.27.4"
  conditions: os=win32 & cpu=x64
  languageName: node
  linkType: hard

"@lezer/common@npm:^1.0.0, @lezer/common@npm:^1.1.0, @lezer/common@npm:^1.2.0, @lezer/common@npm:^1.3.0, @lezer/common@npm:^1.5.0":
  version: 1.5.1
  resolution: "@lezer/common@npm:1.5.1"
  checksum: 10c0/49baefdfc6f2244ad4f7d4a318149729fbecfd634fe1f7769883b5098ab9b35429140851e524c3a97614594004d8a3ad08fdd91221a63438be8c31ff2431fb54
  languageName: node
  linkType: hard

"@lezer/highlight@npm:^1.0.0, @lezer/highlight@npm:^1.1.3, @lezer/highlight@npm:^1.2.1":
  version: 1.2.3
  resolution: "@lezer/highlight@npm:1.2.3"
  dependencies:
    "@lezer/common": "npm:^1.3.0"
  checksum: 10c0/3bcb4fce7a1a45b5973895d7cb2be47970a0098700f2a0970aef9878ffd37f540285a2d7388ec1f524726ec90cc5196b5701bbb9764b7e7300786d772b7d2ce2
  languageName: node
  linkType: hard

"@lezer/javascript@npm:^1.0.0":
  version: 1.5.4
  resolution: "@lezer/javascript@npm:1.5.4"
  dependencies:
    "@lezer/common": "npm:^1.2.0"
    "@lezer/highlight": "npm:^1.1.3"
    "@lezer/lr": "npm:^1.3.0"
  checksum: 10c0/77b97c546d3661223ce77af15192efad42585d01e46022222273cd0c1cb20df8063d266037ae67774f051a6cb72db49804b6a46b06b926ee541807ef01741f6a
  languageName: node
  linkType: hard

"@lezer/lr@npm:^1.0.0, @lezer/lr@npm:^1.3.0":
  version: 1.4.8
  resolution: "@lezer/lr@npm:1.4.8"
  dependencies:
    "@lezer/common": "npm:^1.0.0"
  checksum: 10c0/8bd2228a316a5ef8da01908e3e22aca95fa9695211ffe56f3e8be756b37d0810d5aa91fbbdd274b198a343051d8637e130e26f51161161f089244af242b653c9
  languageName: node
  linkType: hard

"@marijn/find-cluster-break@npm:^1.0.0":
  version: 1.0.2
  resolution: "@marijn/find-cluster-break@npm:1.0.2"
  checksum: 10c0/1a17a60b16083cc5f7ce89d7b7d8aa87ce4099723e3e9e34e229ef2cd8a980e69d481ca8ee90ffedfec5119af1aed581642fb60ed0365e7e90634c81ea6b630f
  languageName: node
  linkType: hard

"codemirror@npm:^6.0.2":
  version: 6.0.2
  resolution: "codemirror@npm:6.0.2"
  dependencies:
    "@codemirror/autocomplete": "npm:^6.0.0"
    "@codemirror/commands": "npm:^6.0.0"
    "@codemirror/language": "npm:^6.0.0"
    "@codemirror/lint": "npm:^6.0.0"
    "@codemirror/search": "npm:^6.0.0"
    "@codemirror/state": "npm:^6.0.0"
    "@codemirror/view": "npm:^6.0.0"
  checksum: 10c0/8d198d8aebc32e56c966ac57b0fe8f832b7d601a2f62819ba3a294570233982bf4d5b499a764194b6b26dbc5313a156c2611cbc542234ea6eae6accf07a651ab
  languageName: node
  linkType: hard

"crelt@npm:^1.0.5, crelt@npm:^1.0.6":
  version: 1.0.6
  resolution: "crelt@npm:1.0.6"
  checksum: 10c0/e0fb76dff50c5eb47f2ea9b786c17f9425c66276025adee80876bdbf4a84ab72e899e56d3928431ab0cb057a105ef704df80fe5726ef0f7b1658f815521bdf09
  languageName: node
  linkType: hard

"esbuild@npm:^0.27.4":
  version: 0.27.4
  resolution: "esbuild@npm:0.27.4"
  dependencies:
    "@esbuild/aix-ppc64": "npm:0.27.4"
    "@esbuild/android-arm": "npm:0.27.4"
    "@esbuild/android-arm64": "npm:0.27.4"
    "@esbuild/android-x64": "npm:0.27.4"
    "@esbuild/darwin-arm64": "npm:0.27.4"
    "@esbuild/darwin-x64": "npm:0.27.4"
    "@esbuild/freebsd-arm64": "npm:0.27.4"
    "@esbuild/freebsd-x64": "npm:0.27.4"
    "@esbuild/linux-arm": "npm:0.27.4"
    "@esbuild/linux-arm64": "npm:0.27.4"
    "@esbuild/linux-ia32": "npm:0.27.4"
    "@esbuild/linux-loong64": "npm:0.27.4"
    "@esbuild/linux-mips64el": "npm:0.27.4"
    "@esbuild/linux-ppc64": "npm:0.27.4"
    "@esbuild/linux-riscv64": "npm:0.27.4"
    "@esbuild/linux-s390x": "npm:0.27.4"
    "@esbuild/linux-x64": "npm:0.27.4"
    "@esbuild/netbsd-arm64": "npm:0.27.4"
    "@esbuild/netbsd-x64": "npm:0.27.4"
    "@esbuild/openbsd-arm64": "npm:0.27.4"
    "@esbuild/openbsd-x64": "npm:0.27.4"
    "@esbuild/openharmony-arm64": "npm:0.27.4"
    "@esbuild/sunos-x64": "npm:0.27.4"
    "@esbuild/win32-arm64": "npm:0.27.4"
    "@esbuild/win32-ia32": "npm:0.27.4"
    "@esbuild/win32-x64": "npm:0.27.4"
  dependenciesMeta:
    "@esbuild/aix-ppc64":
      optional: true
    "@esbuild/android-arm":
      optional: true
    "@esbuild/android-arm64":
      optional: true
    "@esbuild/android-x64":
      optional: true
    "@esbuild/darwin-arm64":
      optional: true
    "@esbuild/darwin-x64":
      optional: true
    "@esbuild/freebsd-arm64":
      optional: true
    "@esbuild/freebsd-x64":
      optional: true
    "@esbuild/linux-arm":
      optional: true
    "@esbuild/linux-arm64":
      optional: true
    "@esbuild/linux-ia32":
      optional: true
    "@esbuild/linux-loong64":
      optional: true
    "@esbuild/linux-mips64el":
      optional: true
    "@esbuild/linux-ppc64":
      optional: true
    "@esbuild/linux-riscv64":
      optional: true
    "@esbuild/linux-s390x":
      optional: true
    "@esbuild/linux-x64":
      optional: true
    "@esbuild/netbsd-arm64":
      optional: true
    "@esbuild/netbsd-x64":
      optional: true
    "@esbuild/openbsd-arm64":
      optional: true
    "@esbuild/openbsd-x64":
      optional: true
    "@esbuild/openharmony-arm64":
      optional: true
    "@esbuild/sunos-x64":
      optional: true
    "@esbuild/win32-arm64":
      optional: true
    "@esbuild/win32-ia32":
      optional: true
    "@esbuild/win32-x64":
      optional: true
  bin:
    esbuild: bin/esbuild
  checksum: 10c0/2a1c2bcccda279f2afd72a7f8259860cb4483b32453d17878e1ecb4ac416b9e7c1001e7aa0a25ba4c29c1e250a3ceaae5d8bb72a119815bc8db4e9b5f5321490
  languageName: node
  linkType: hard

"marked@npm:^15.0.12":
  version: 15.0.12
  resolution: "marked@npm:15.0.12"
  bin:
    marked: bin/marked.js
  checksum: 10c0/e09da211544b787ecfb25fed07af206060bf7cd6d9de6cb123f15c496a57f83b7aabea93340aaa94dae9c94e097ae129377cad6310abc16009590972e85f4212
  languageName: node
  linkType: hard

"merlin-lsp-client@workspace:.":
  version: 0.0.0-use.local
  resolution: "merlin-lsp-client@workspace:."
  dependencies:
    "@codemirror/lang-javascript": "npm:^6.2.5"
    "@codemirror/lsp-client": "npm:^6.2.2"
    "@codemirror/state": "npm:^6.6.0"
    "@codemirror/view": "npm:^6.40.0"
    codemirror: "npm:^6.0.2"
    esbuild: "npm:^0.27.4"
  languageName: unknown
  linkType: soft

"style-mod@npm:^4.0.0, style-mod@npm:^4.1.0":
  version: 4.1.3
  resolution: "style-mod@npm:4.1.3"
  checksum: 10c0/36059006ea73cd96242ca8be06b625522d488bf8caca9c18436edf77092183381f08109577a4b3d35482f3395231099f195dbc854a46ce507fbf75c484f2cfcc
  languageName: node
  linkType: hard

"vscode-jsonrpc@npm:8.2.0":
  version: 8.2.0
  resolution: "vscode-jsonrpc@npm:8.2.0"
  checksum: 10c0/0789c227057a844f5ead55c84679206227a639b9fb76e881185053abc4e9848aa487245966cc2393fcb342c4541241b015a1a2559fddd20ac1e68945c95344e6
  languageName: node
  linkType: hard

"vscode-languageserver-protocol@npm:^3.17.5":
  version: 3.17.5
  resolution: "vscode-languageserver-protocol@npm:3.17.5"
  dependencies:
    vscode-jsonrpc: "npm:8.2.0"
    vscode-languageserver-types: "npm:3.17.5"
  checksum: 10c0/5f38fd80da9868d706eaa4a025f4aff9c3faad34646bcde1426f915cbd8d7e8b6c3755ce3fef6eebd256ba3145426af1085305f8a76e34276d2e95aaf339a90b
  languageName: node
  linkType: hard

"vscode-languageserver-types@npm:3.17.5":
  version: 3.17.5
  resolution: "vscode-languageserver-types@npm:3.17.5"
  checksum: 10c0/1e1260de79a2cc8de3e46f2e0182cdc94a7eddab487db5a3bd4ee716f67728e685852707d72c059721ce500447be9a46764a04f0611e94e4321ffa088eef36f8
  languageName: node
  linkType: hard

"w3c-keyname@npm:^2.2.4":
  version: 2.2.8
  resolution: "w3c-keyname@npm:2.2.8"
  checksum: 10c0/37cf335c90efff31672ebb345577d681e2177f7ff9006a9ad47c68c5a9d265ba4a7b39d6c2599ceea639ca9315584ce4bd9c9fbf7a7217bfb7a599e71943c4c4
  languageName: node
  linkType: hard
